
Microsoft Visual Studio Solution File, Format Version 12.00
# Visual Studio Version 16
VisualStudioVersion = 16.0.31515.178
MinimumVisualStudioVersion = 10.0.40219.1
Project("{FAE04EC0-301F-11D3-BF4B-00C04F79EFBC}") = "YAMAParser", "YAMAParser\YAMAParser.csproj", "{0D5B956C-ADC9-445D-9203-704CBA82C8CF}"
EndProject
Global
	GlobalSection(SolutionConfigurationPlatforms) = preSolution
		Debug|Any CPU = Debug|Any CPU
		Release|Any CPU = Release|Any CPU
	EndGlobalSection
	GlobalSection(ProjectConfigurationPlatforms) = postSolution
		{0D5B956C-ADC9-445D-9203-704CBA82C8CF}.Debug|Any CPU.ActiveCfg = Debug|Any CPU
		{0D5B956C-ADC9-445D-9203-704CBA82C8CF}.Debug|Any CPU.Build.0 = Debug|Any CPU
		{0D5B956C-ADC9-445D-9203-704CBA82C8CF}.Release|Any CPU.ActiveCfg = Release|Any CPU
		{0D5B956C-ADC9-445D-9203-704CBA82C8CF}.Release|Any CPU.Build.0 = Release|Any CPU
	EndGlobalSection
	GlobalSection(SolutionProperties) = preSolution
		HideSolutionNode = FALSE
	EndGlobalSection
	GlobalSection(ExtensibilityGlobals) = postSolution
		SolutionGuid = {A395546C-D927-4701-AF82-B949B0C227AE}
	EndGlobalSection
EndGlobal
